
Microsoft Visual Studio Solution File, Format Version 12.00
# Visual Studio Version 17
VisualStudioVersion = 17.7.34031.279
MinimumVisualStudioVersion = 10.0.40219.1
Project("{FAE04EC0-301F-11D3-BF4B-00C04F79EFBC}") = "Repeated Number", "Repeated Number\Repeated Number.csproj", "{B1E62BBB-CAC9-4784-A554-3E50E7B6E6EB}"
EndProject
Global
	GlobalSection(SolutionConfigurationPlatforms) = preSolution
		Debug|Any CPU = Debug|Any CPU
		Release|Any CPU = Release|Any CPU
	EndGlobalSection
	GlobalSection(ProjectConfigurationPlatforms) = postSolution
		{B1E62BBB-CAC9-4784-A554-3E50E7B6E6EB}.Debug|Any CPU.ActiveCfg = Debug|Any CPU
		{B1E62BBB-CAC9-4784-A554-3E50E7B6E6EB}.Debug|Any CPU.Build.0 = Debug|Any CPU
		{B1E62BBB-CAC9-4784-A554-3E50E7B6E6EB}.Release|Any CPU.ActiveCfg = Release|Any CPU
		{B1E62BBB-CAC9-4784-A554-3E50E7B6E6EB}.Release|Any CPU.Build.0 = Release|Any CPU
	EndGlobalSection
	GlobalSection(SolutionProperties) = preSolution
		HideSolutionNode = FALSE
	EndGlobalSection
	GlobalSection(ExtensibilityGlobals) = postSolution
		SolutionGuid = {D10676FC-B467-4B52-B30D-58C475FEF366}
	EndGlobalSection
EndGlobal
